# THIS IS AN AUTOGENERATED FILE. DO NOT EDIT THIS FILE DIRECTLY.
# yarn lockfile v1


"dotenv@^16.0.0":
  "integrity" "sha512-qD9WU0MPM4SWLPJy/r2Be+2WgQj8plChsyrCNQzW/0WjvcJQiKQJ9mH3ZgB3fxbUUxgc/11ZJ0Fi5KiimWGz2Q=="
  "resolved" "https://registry.npmjs.org/dotenv/-/dotenv-16.0.0.tgz"
  "version" "16.0.0"

"lodash.clonedeep@^4.5.0":
  "integrity" "sha1-4j8/nE+Pvd6HJSnBBxhXoIblzO8="
  "resolved" "https://registry.npmjs.org/lodash.clonedeep/-/lodash.clonedeep-4.5.0.tgz"
  "version" "4.5.0"

"scuffed-rooms@^0.0.15":
  "integrity" "sha512-8mhv+xwyhFgEVEchEPlX5qLNPt7i2eTP4l2bkCJpB4ND+W/plJZHlBqw6IZvTJZoAy23aFYMlgAybGiYQhVaEg=="
  "resolved" "https://registry.npmjs.org/scuffed-rooms/-/scuffed-rooms-0.0.15.tgz"
  "version" "0.0.15"
  dependencies:
    "lodash.clonedeep" "^4.5.0"
    "uWebSockets.js" "github:uNetworking/uWebSockets.js#v20.3.0"

"uWebSockets.js@github:uNetworking/uWebSockets.js#v20.3.0":
  "resolved" "git+ssh://git@github.com/uNetworking/uWebSockets.js.git#e5d6241a7bbfb0d9258780dbf6175ae34d6f18e9"
  "version" "20.3.0"
